
Microsoft Visual Studio Solution File, Format Version 12.00
# Visual Studio Version 16
VisualStudioVersion = 25.0.1700.0
MinimumVisualStudioVersion = 10.0.40219.1
Project("{FAE04EC0-301F-11D3-BF4B-00C04F79EFBC}") = "Portfolio", "Portfolio\Portfolio.csproj", "{353CE178-7297-431A-B428-725759107C40}"
EndProject
Project("{FAE04EC0-301F-11D3-BF4B-00C04F79EFBC}") = "Portfolio.Data", "Portfolio.Data\Portfolio.Data.csproj", "{A0E4809D-ACFE-42CF-952F-148FF877BE4A}"
EndProject
Global
	GlobalSection(SolutionConfigurationPlatforms) = preSolution
		Debug|Any CPU = Debug|Any CPU
		Release|Any CPU = Release|Any CPU
	EndGlobalSection
	GlobalSection(ProjectConfigurationPlatforms) = postSolution
		{353CE178-7297-431A-B428-725759107C40}.Debug|Any CPU.ActiveCfg = Debug|Any CPU
		{353CE178-7297-431A-B428-725759107C40}.Debug|Any CPU.Build.0 = Debug|Any CPU
		{353CE178-7297-431A-B428-725759107C40}.Release|Any CPU.ActiveCfg = Release|Any CPU
		{353CE178-7297-431A-B428-725759107C40}.Release|Any CPU.Build.0 = Release|Any CPU
		{A0E4809D-ACFE-42CF-952F-148FF877BE4A}.Debug|Any CPU.ActiveCfg = Debug|Any CPU
		{A0E4809D-ACFE-42CF-952F-148FF877BE4A}.Debug|Any CPU.Build.0 = Debug|Any CPU
		{A0E4809D-ACFE-42CF-952F-148FF877BE4A}.Release|Any CPU.ActiveCfg = Release|Any CPU
		{A0E4809D-ACFE-42CF-952F-148FF877BE4A}.Release|Any CPU.Build.0 = Release|Any CPU
	EndGlobalSection
	GlobalSection(SolutionProperties) = preSolution
		HideSolutionNode = FALSE
	EndGlobalSection
	GlobalSection(ExtensibilityGlobals) = postSolution
		SolutionGuid = {C397A5A3-BBD8-4639-8290-E28F61D16BA5}
	EndGlobalSection
EndGlobal
